
Microsoft Visual Studio Solution File, Format Version 12.00
# Visual Studio Version 17
VisualStudioVersion = 17.5.33502.453
MinimumVisualStudioVersion = 10.0.40219.1
Project("{9A19103F-16F7-4668-BE54-9A1E7A4F7556}") = "API", "Source\API\API.csproj", "{BA2D97D7-B214-43E7-B92F-ED38FA65D71B}"
EndProject
Project("{9A19103F-16F7-4668-BE54-9A1E7A4F7556}") = "Common", "Source\Common\Common.csproj", "{723211A3-5429-425A-AB7E-B67630B706F7}"
EndProject
Project("{2150E333-8FDC-42A3-9474-1A3956D46DE8}") = "Solution Items", "Solution Items", "{4115B7D6-151A-4202-A3A1-F7ECFC014EE8}"
	ProjectSection(SolutionItems) = preProject
		.editorconfig = .editorconfig
	EndProjectSection
EndProject
Project("{FAE04EC0-301F-11D3-BF4B-00C04F79EFBC}") = "Identity", "Source\Identity\Identity.csproj", "{58015995-0A4F-43F7-A6B6-0B811B4EC550}"
EndProject
Global
	GlobalSection(SolutionConfigurationPlatforms) = preSolution
		Debug|Any CPU = Debug|Any CPU
		Release|Any CPU = Release|Any CPU
	EndGlobalSection
	GlobalSection(ProjectConfigurationPlatforms) = postSolution
		{BA2D97D7-B214-43E7-B92F-ED38FA65D71B}.Debug|Any CPU.ActiveCfg = Debug|Any CPU
		{BA2D97D7-B214-43E7-B92F-ED38FA65D71B}.Debug|Any CPU.Build.0 = Debug|Any CPU
		{BA2D97D7-B214-43E7-B92F-ED38FA65D71B}.Release|Any CPU.ActiveCfg = Release|Any CPU
		{BA2D97D7-B214-43E7-B92F-ED38FA65D71B}.Release|Any CPU.Build.0 = Release|Any CPU
		{723211A3-5429-425A-AB7E-B67630B706F7}.Debug|Any CPU.ActiveCfg = Debug|Any CPU
		{723211A3-5429-425A-AB7E-B67630B706F7}.Debug|Any CPU.Build.0 = Debug|Any CPU
		{723211A3-5429-425A-AB7E-B67630B706F7}.Release|Any CPU.ActiveCfg = Release|Any CPU
		{723211A3-5429-425A-AB7E-B67630B706F7}.Release|Any CPU.Build.0 = Release|Any CPU
		{58015995-0A4F-43F7-A6B6-0B811B4EC550}.Debug|Any CPU.ActiveCfg = Debug|Any CPU
		{58015995-0A4F-43F7-A6B6-0B811B4EC550}.Debug|Any CPU.Build.0 = Debug|Any CPU
		{58015995-0A4F-43F7-A6B6-0B811B4EC550}.Release|Any CPU.ActiveCfg = Release|Any CPU
		{58015995-0A4F-43F7-A6B6-0B811B4EC550}.Release|Any CPU.Build.0 = Release|Any CPU
	EndGlobalSection
	GlobalSection(SolutionProperties) = preSolution
		HideSolutionNode = FALSE
	EndGlobalSection
	GlobalSection(ExtensibilityGlobals) = postSolution
		SolutionGuid = {549E99EA-39D0-4E12-A38D-284A29CA03DB}
	EndGlobalSection
EndGlobal
